// !$*UTF8*$!
{
	archiveVersion = 1;
	classes = {
	};
	objectVersion = 46;
	objects = {

/* Begin PBXBuildFile section */
		5D3B34611B214DEA00D20637 /* main.m in Sources */ = {isa = PBXBuildFile; fileRef = 5D3B34601B214DEA00D20637 /* main.m */; };
		5D3B34641B214DEA00D20637 /* AppDelegate.m in Sources */ = {isa = PBXBuildFile; fileRef = 5D3B34631B214DEA00D20637 /* AppDelegate.m */; };
		5D3B34671B214DEA00D20637 /* SortTester.xcdatamodeld in Sources */ = {isa = PBXBuildFile; fileRef = 5D3B34651B214DEA00D20637 /* SortTester.xcdatamodeld */; };
		5D3B346A1B214DEA00D20637 /* ViewController.m in Sources */ = {isa = PBXBuildFile; fileRef = 5D3B34691B214DEA00D20637 /* ViewController.m */; };
		5D3B346D1B214DEA00D20637 /* Main.storyboard in Resources */ = {isa = PBXBuildFile; fileRef = 5D3B346B1B214DEA00D20637 /* Main.storyboard */; };
		5D3B346F1B214DEA00D20637 /* Images.xcassets in Resources */ = {isa = PBXBuildFile; fileRef = 5D3B346E1B214DEA00D20637 /* Images.xcassets */; };
		5D3B34721B214DEA00D20637 /* LaunchScreen.xib in Resources */ = {isa = PBXBuildFile; fileRef = 5D3B34701B214DEA00D20637 /* LaunchScreen.xib */; };
		5D3B347E1B214DEA00D20637 /* SortTesterTests.m in Sources */ = {isa = PBXBuildFile; fileRef = 5D3B347D1B214DEA00D20637 /* SortTesterTests.m */; };
/* End PBXBuildFile section */

/* Begin PBXContainerItemProxy section */
		5D3B34781B214DEA00D20637 /* PBXContainerItemProxy */ = {
			isa = PBXContainerItemProxy;
			containerPortal = 5D3B34531B214DEA00D20637 /* Project object */;
			proxyType = 1;
			remoteGlobalIDString = 5D3B345A1B214DEA00D20637;
			remoteInfo = SortTester;
		};
/* End PBXContainerItemProxy section */

/* Begin PBXFileReference section */
		5D3B345B1B214DEA00D20637 /* SortTester.app */ = {isa = PBXFileReference; explicitFileType = wrapper.application; includeInIndex = 0; path = SortTester.app; sourceTree = BUILT_PRODUCTS_DIR; };
		5D3B345F1B214DEA00D20637 /* Info.plist */ = {isa = PBXFileReference; lastKnownFileType = text.plist.xml; path = Info.plist; sourceTree = "<group>"; };
		5D3B34601B214DEA00D20637 /* main.m */ = {isa = PBXFileReference; lastKnownFileType = sourcecode.c.objc; path = main.m; sourceTree = "<group>"; };
		5D3B34621B214DEA00D20637 /* AppDelegate.h */ = {isa = PBXFileReference; lastKnownFileType = sourcecode.c.h; path = AppDelegate.h; sourceTree = "<group>"; };
		5D3B34631B214DEA00D20637 /* AppDelegate.m */ = {isa = PBXFileReference; lastKnownFileType = sourcecode.c.objc; path = AppDelegate.m; sourceTree = "<group>"; };
		5D3B34661B214DEA00D20637 /* SortTester.xcdatamodel */ = {isa = PBXFileReference; lastKnownFileType = wrapper.xcdatamodel; path = SortTester.xcdatamodel; sourceTree = "<group>"; };
		5D3B34681B214DEA00D20637 /* ViewController.h */ = {isa = PBXFileReference; lastKnownFileType = sourcecode.c.h; path = ViewController.h; sourceTree = "<group>"; };
		5D3B34691B214DEA00D20637 /* ViewController.m */ = {isa = PBXFileReference; lastKnownFileType = sourcecode.c.objc; path = ViewController.m; sourceTree = "<group>"; };
		5D3B346C1B214DEA00D20637 /* Base */ = {isa = PBXFileReference; lastKnownFileType = file.storyboard; name = Base; path = Base.lproj/Main.storyboard; sourceTree = "<group>"; };
		5D3B346E1B214DEA00D20637 /* Images.xcassets */ = {isa = PBXFileReference; lastKnownFileType = folder.assetcatalog; path = Images.xcassets; sourceTree = "<group>"; };
		5D3B34711B214DEA00D20637 /* Base */ = {isa = PBXFileReference; lastKnownFileType = file.xib; name = Base; path = Base.lproj/LaunchScreen.xib; sourceTree = "<group>"; };
		5D3B34771B214DEA00D20637 /* SortTesterTests.xctest */ = {isa = PBXFileReference; explicitFileType = wrapper.cfbundle; includeInIndex = 0; path = SortTesterTests.xctest; sourceTree = BUILT_PRODUCTS_DIR; };
		5D3B347C1B214DEA00D20637 /* Info.plist */ = {isa = PBXFileReference; lastKnownFileType = text.plist.xml; path = Info.plist; sourceTree = "<group>"; };
		5D3B347D1B214DEA00D20637 /* SortTesterTests.m */ = {isa = PBXFileReference; lastKnownFileType = sourcecode.c.objc; path = SortTesterTests.m; sourceTree = "<group>"; };
/* End PBXFileReference section */

/* Begin PBXFrameworksBuildPhase section */
		5D3B34581B214DEA00D20637 /* Frameworks */ = {
			isa = PBXFrameworksBuildPhase;
			buildActionMask = 2147483647;
			files = (
			);
			runOnlyForDeploymentPostprocessing = 0;
		};
		5D3B34741B214DEA00D20637 /* Frameworks */ = {
			isa = PBXFrameworksBuildPhase;
			buildActionMask = 2147483647;
			files = (
			);
			runOnlyForDeploymentPostprocessing = 0;
		};
/* End PBXFrameworksBuildPhase section */

/* Begin PBXGroup section */
		5D3B34521B214DEA00D20637 = {
			isa = PBXGroup;
			children = (
				5D3B345D1B214DEA00D20637 /* SortTester */,
				5D3B347A1B214DEA00D20637 /* SortTesterTests */,
				5D3B345C1B214DEA00D20637 /* Products */,
			);
			sourceTree = "<group>";
		};
		5D3B345C1B214DEA00D20637 /* Products */ = {
			isa = PBXGroup;
			children = (
				5D3B345B1B214DEA00D20637 /* SortTester.app */,
				5D3B34771B214DEA00D20637 /* SortTesterTests.xctest */,
			);
			name = Products;
			sourceTree = "<group>";
		};
		5D3B345D1B214DEA00D20637 /* SortTester */ = {
			isa = PBXGroup;
			children = (
				5D3B34621B214DEA00D20637 /* AppDelegate.h */,
				5D3B34631B214DEA00D20637 /* AppDelegate.m */,
				5D3B34681B214DEA00D20637 /* ViewController.h */,
				5D3B34691B214DEA00D20637 /* ViewController.m */,
				5D3B346B1B214DEA00D20637 /* Main.storyboard */,
				5D3B346E1B214DEA00D20637 /* Images.xcassets */,
				5D3B34701B214DEA00D20637 /* LaunchScreen.xib */,
				5D3B34651B214DEA00D20637 /* SortTester.xcdatamodeld */,
				5D3B345E1B214DEA00D20637 /* Supporting Files */,
			);
			path = SortTester;
			sourceTree = "<group>";
		};
		5D3B345E1B214DEA00D20637 /* Supporting Files */ = {
			isa = PBXGroup;
			children = (
				5D3B345F1B214DEA00D20637 /* Info.plist */,
				5D3B34601B214DEA00D20637 /* main.m */,
			);
			name = "Supporting Files";
			sourceTree = "<group>";
		};
		5D3B347A1B214DEA00D20637 /* SortTesterTests */ = {
			isa = PBXGroup;
			children = (
				5D3B347D1B214DEA00D20637 /* SortTesterTests.m */,
				5D3B347B1B214DEA00D20637 /* Supporting Files */,
			);
			path = SortTesterTests;
			sourceTree = "<group>";
		};
		5D3B347B1B214DEA00D20637 /* Supporting Files */ = {
			isa = PBXGroup;
			children = (
				5D3B347C1B214DEA00D20637 /* Info.plist */,
			);
			name = "Supporting Files";
			sourceTree = "<group>";
		};
/* End PBXGroup section */

/* Begin PBXNativeTarget section */
		5D3B345A1B214DEA00D20637 /* SortTester */ = {
			isa = PBXNativeTarget;
			buildConfigurationList = 5D3B34811B214DEA00D20637 /* Build configuration list for PBXNativeTarget "SortTester" */;
			buildPhases = (
				5D3B34571B214DEA00D20637 /* Sources */,
				5D3B34581B214DEA00D20637 /* Frameworks */,
				5D3B34591B214DEA00D20637 /* Resources */,
			);
			buildRules = (
			);
			dependencies = (
			);
			name = SortTester;
			productName = SortTester;
			productReference = 5D3B345B1B214DEA00D20637 /* SortTester.app */;
			productType = "com.apple.product-type.application";
		};
		5D3B34761B214DEA00D20637 /* SortTesterTests */ = {
			isa = PBXNativeTarget;
			buildConfigurationList = 5D3B34841B214DEA00D20637 /* Build configuration list for PBXNativeTarget "SortTesterTests" */;
			buildPhases = (
				5D3B34731B214DEA00D20637 /* Sources */,
				5D3B34741B214DEA00D20637 /* Frameworks */,
				5D3B34751B214DEA00D20637 /* Resources */,
			);
			buildRules = (
			);
			dependencies = (
				5D3B34791B214DEA00D20637 /* PBXTargetDependency */,
			);
			name = SortTesterTests;
			productName = SortTesterTests;
			productReference = 5D3B34771B214DEA00D20637 /* SortTesterTests.xctest */;
			productType = "com.apple.product-type.bundle.unit-test";
		};
/* End PBXNativeTarget section */

/* Begin PBXProject section */
		5D3B34531B214DEA00D20637 /* Project object */ = {
			isa = PBXProject;
			attributes = {
				LastUpgradeCheck = 0630;
				ORGANIZATIONNAME = Aerych;
				TargetAttributes = {
					5D3B345A1B214DEA00D20637 = {
						CreatedOnToolsVersion = 6.3.2;
					};
					5D3B34761B214DEA00D20637 = {
						CreatedOnToolsVersion = 6.3.2;
						TestTargetID = 5D3B345A1B214DEA00D20637;
					};
				};
			};
			buildConfigurationList = 5D3B34561B214DEA00D20637 /* Build configuration list for PBXProject "SortTester" */;
			compatibilityVersion = "Xcode 3.2";
			developmentRegion = English;
			hasScannedForEncodings = 0;
			knownRegions = (
				en,
				Base,
			);
			mainGroup = 5D3B34521B214DEA00D20637;
			productRefGroup = 5D3B345C1B214DEA00D20637 /* Products */;
			projectDirPath = "";
			projectRoot = "";
			targets = (
				5D3B345A1B214DEA00D20637 /* SortTester */,
				5D3B34761B214DEA00D20637 /* SortTesterTests */,
			);
		};
/* End PBXProject section */

/* Begin PBXResourcesBuildPhase section */
		5D3B34591B214DEA00D20637 /* Resources */ = {
			isa = PBXResourcesBuildPhase;
			buildActionMask = 2147483647;
			files = (
				5D3B346D1B214DEA00D20637 /* Main.storyboard in Resources */,
				5D3B34721B214DEA00D20637 /* LaunchScreen.xib in Resources */,
				5D3B346F1B214DEA00D20637 /* Images.xcassets in Resources */,
			);
			runOnlyForDeploymentPostprocessing = 0;
		};
		5D3B34751B214DEA00D20637 /* Resources */ = {
			isa = PBXResourcesBuildPhase;
			buildActionMask = 2147483647;
			files = (
			);
			runOnlyForDeploymentPostprocessing = 0;
		};
/* End PBXResourcesBuildPhase section */

/* Begin PBXSourcesBuildPhase section */
		5D3B34571B214DEA00D20637 /* Sources */ = {
			isa = PBXSourcesBuildPhase;
			buildActionMask = 2147483647;
			files = (
				5D3B34641B214DEA00D20637 /* AppDelegate.m in Sources */,
				5D3B34611B214DEA00D20637 /* main.m in Sources */,
				5D3B346A1B214DEA00D20637 /* ViewController.m in Sources */,
				5D3B34671B214DEA00D20637 /* SortTester.xcdatamodeld in Sources */,
			);
			runOnlyForDeploymentPostprocessing = 0;
		};
		5D3B34731B214DEA00D20637 /* Sources */ = {
			isa = PBXSourcesBuildPhase;
			buildActionMask = 2147483647;
			files = (
				5D3B347E1B214DEA00D20637 /* SortTesterTests.m in Sources */,
			);
			runOnlyForDeploymentPostprocessing = 0;
		};
/* End PBXSourcesBuildPhase section */

/* Begin PBXTargetDependency section */
		5D3B34791B214DEA00D20637 /* PBXTargetDependency */ = {
			isa = PBXTargetDependency;
			target = 5D3B345A1B214DEA00D20637 /* SortTester */;
			targetProxy = 5D3B34781B214DEA00D20637 /* PBXContainerItemProxy */;
		};
/* End PBXTargetDependency section */

/* Begin PBXVariantGroup section */
		5D3B346B1B214DEA00D20637 /* Main.storyboard */ = {
			isa = PBXVariantGroup;
			children = (
				5D3B346C1B214DEA00D20637 /* Base */,
			);
			name = Main.storyboard;
			sourceTree = "<group>";
		};
		5D3B34701B214DEA00D20637 /* LaunchScreen.xib */ = {
			isa = PBXVariantGroup;
			children = (
				5D3B34711B214DEA00D20637 /* Base */,
			);
			name = LaunchScreen.xib;
			sourceTree = "<group>";
		};
/* End PBXVariantGroup section */

/* Begin XCBuildConfiguration section */
		5D3B347F1B214DEA00D20637 /* Debug */ = {
			isa = XCBuildConfiguration;
			buildSettings = {
				ALWAYS_SEARCH_USER_PATHS = NO;
				CLANG_CXX_LANGUAGE_STANDARD = "gnu++0x";
				CLANG_CXX_LIBRARY = "libc++";
				CLANG_ENABLE_MODULES = YES;
				CLANG_ENABLE_OBJC_ARC = YES;
				CLANG_WARN_BOOL_CONVERSION = YES;
				CLANG_WARN_CONSTANT_CONVERSION = YES;
				CLANG_WARN_DIRECT_OBJC_ISA_USAGE = YES_ERROR;
				CLANG_WARN_EMPTY_BODY = YES;
				CLANG_WARN_ENUM_CONVERSION = YES;
				CLANG_WARN_INT_CONVERSION = YES;
				CLANG_WARN_OBJC_ROOT_CLASS = YES_ERROR;
				CLANG_WARN_UNREACHABLE_CODE = YES;
				CLANG_WARN__DUPLICATE_METHOD_MATCH = YES;
				"CODE_SIGN_IDENTITY[sdk=iphoneos*]" = "iPhone Developer";
				COPY_PHASE_STRIP = NO;
				DEBUG_INFORMATION_FORMAT = "dwarf-with-dsym";
				ENABLE_STRICT_OBJC_MSGSEND = YES;
				GCC_C_LANGUAGE_STANDARD = gnu99;
				GCC_DYNAMIC_NO_PIC = NO;
				GCC_NO_COMMON_BLOCKS = YES;
				GCC_OPTIMIZATION_LEVEL = 0;
				GCC_PREPROCESSOR_DEFINITIONS = (
					"DEBUG=1",
					"$(inherited)",
				);
				GCC_SYMBOLS_PRIVATE_EXTERN = NO;
				GCC_WARN_64_TO_32_BIT_CONVERSION = YES;
				GCC_WARN_ABOUT_RETURN_TYPE = YES_ERROR;
				GCC_WARN_UNDECLARED_SELECTOR = YES;
				GCC_WARN_UNINITIALIZED_AUTOS = YES_AGGRESSIVE;
				GCC_WARN_UNUSED_FUNCTION = YES;
				GCC_WARN_UNUSED_VARIABLE = YES;
				IPHONEOS_DEPLOYMENT_TARGET = 8.3;
				MTL_ENABLE_DEBUG_INFO = YES;
				ONLY_ACTIVE_ARCH = YES;
				SDKROOT = iphoneos;
				TARGETED_DEVICE_FAMILY = "1,2";
			};
			name = Debug;
		};
		5D3B34801B214DEA00D20637 /* Release */ = {
			isa = XCBuildConfiguration;
			buildSettings = {
				ALWAYS_SEARCH_USER_PATHS = NO;
				CLANG_CXX_LANGUAGE_STANDARD = "gnu++0x";
				CLANG_CXX_LIBRARY = "libc++";
				CLANG_ENABLE_MODULES = YES;
				CLANG_ENABLE_OBJC_ARC = YES;
				CLANG_WARN_BOOL_CONVERSION = YES;
				CLANG_WARN_CONSTANT_CONVERSION = YES;
				CLANG_WARN_DIRECT_OBJC_ISA_USAGE = YES_ERROR;
				CLANG_WARN_EMPTY_BODY = YES;
				CLANG_WARN_ENUM_CONVERSION = YES;
				CLANG_WARN_INT_CONVERSION = YES;
				CLANG_WARN_OBJC_ROOT_CLASS = YES_ERROR;
				CLANG_WARN_UNREACHABLE_CODE = YES;
				CLANG_WARN__DUPLICATE_METHOD_MATCH = YES;
				"CODE_SIGN_IDENTITY[sdk=iphoneos*]" = "iPhone Developer";
				COPY_PHASE_STRIP = NO;
				DEBUG_INFORMATION_FORMAT = "dwarf-with-dsym";
				ENABLE_NS_ASSERTIONS = NO;
				ENABLE_STRICT_OBJC_MSGSEND = YES;
				GCC_C_LANGUAGE_STANDARD = gnu99;
				GCC_NO_COMMON_BLOCKS = YES;
				GCC_WARN_64_TO_32_BIT_CONVERSION = YES;
				GCC_WARN_ABOUT_RETURN_TYPE = YES_ERROR;
				GCC_WARN_UNDECLARED_SELECTOR = YES;
				GCC_WARN_UNINITIALIZED_AUTOS = YES_AGGRESSIVE;
				GCC_WARN_UNUSED_FUNCTION = YES;
				GCC_WARN_UNUSED_VARIABLE = YES;
				IPHONEOS_DEPLOYMENT_TARGET = 8.3;
				MTL_ENABLE_DEBUG_INFO = NO;
				SDKROOT = iphoneos;
				TARGETED_DEVICE_FAMILY = "1,2";
				VALIDATE_PRODUCT = YES;
			};
			name = Release;
		};
		5D3B34821B214DEA00D20637 /* Debug */ = {
			isa = XCBuildConfiguration;
			buildSettings = {
				ASSETCATALOG_COMPILER_APPICON_NAME = AppIcon;
				INFOPLIST_FILE = SortTester/Info.plist;
				LD_RUNPATH_SEARCH_PATHS = "$(inherited) @executable_path/Frameworks";
				PRODUCT_NAME = "$(TARGET_NAME)";
			};
			name = Debug;
		};
		5D3B34831B214DEA00D20637 /* Release */ = {
			isa = XCBuildConfiguration;
			buildSettings = {
				ASSETCATALOG_COMPILER_APPICON_NAME = AppIcon;
				INFOPLIST_FILE = SortTester/Info.plist;
				LD_RUNPATH_SEARCH_PATHS = "$(inherited) @executable_path/Frameworks";
				PRODUCT_NAME = "$(TARGET_NAME)";
			};
			name = Release;
		};
		5D3B34851B214DEA00D20637 /* Debug */ = {
			isa = XCBuildConfiguration;
			buildSettings = {
				BUNDLE_LOADER = "$(TEST_HOST)";
				FRAMEWORK_SEARCH_PATHS = (
					"$(SDKROOT)/Developer/Library/Frameworks",
					"$(inherited)",
				);
				GCC_PREPROCESSOR_DEFINITIONS = (
					"DEBUG=1",
					"$(inherited)",
				);
				INFOPLIST_FILE = SortTesterTests/Info.plist;
				LD_RUNPATH_SEARCH_PATHS = "$(inherited) @executable_path/Frameworks @loader_path/Frameworks";
				PRODUCT_NAME = "$(TARGET_NAME)";
				TEST_HOST = "$(BUILT_PRODUCTS_DIR)/SortTester.app/SortTester";
			};
			name = Debug;
		};
		5D3B34861B214DEA00D20637 /* Release */ = {
			isa = XCBuildConfiguration;
			buildSettings = {
				BUNDLE_LOADER = "$(TEST_HOST)";
				FRAMEWORK_SEARCH_PATHS = (
					"$(SDKROOT)/Developer/Library/Frameworks",
					"$(inherited)",
				);
				INFOPLIST_FILE = SortTesterTests/Info.plist;
				LD_RUNPATH_SEARCH_PATHS = "$(inherited) @executable_path/Frameworks @loader_path/Frameworks";
				PRODUCT_NAME = "$(TARGET_NAME)";
				TEST_HOST = "$(BUILT_PRODUCTS_DIR)/SortTester.app/SortTester";
			};
			name = Release;
		};
/* End XCBuildConfiguration section */

/* Begin XCConfigurationList section */
		5D3B34561B214DEA00D20637 /* Build configuration list for PBXProject "SortTester" */ = {
			isa = XCConfigurationList;
			buildConfigurations = (
				5D3B347F1B214DEA00D20637 /* Debug */,
				5D3B34801B214DEA00D20637 /* Release */,
			);
			defaultConfigurationIsVisible = 0;
			defaultConfigurationName = Release;
		};
		5D3B34811B214DEA00D20637 /* Build configuration list for PBXNativeTarget "SortTester" */ = {
			isa = XCConfigurationList;
			buildConfigurations = (
				5D3B34821B214DEA00D20637 /* Debug */,
				5D3B34831B214DEA00D20637 /* Release */,
			);
			defaultConfigurationIsVisible = 0;
		};
		5D3B34841B214DEA00D20637 /* Build configuration list for PBXNativeTarget "SortTesterTests" */ = {
			isa = XCConfigurationList;
			buildConfigurations = (
				5D3B34851B214DEA00D20637 /* Debug */,
				5D3B34861B214DEA00D20637 /* Release */,
			);
			defaultConfigurationIsVisible = 0;
		};
/* End XCConfigurationList section */

/* Begin XCVersionGroup section */
		5D3B34651B214DEA00D20637 /* SortTester.xcdatamodeld */ = {
			isa = XCVersionGroup;
			children = (
				5D3B34661B214DEA00D20637 /* SortTester.xcdatamodel */,
			);
			currentVersion = 5D3B34661B214DEA00D20637 /* SortTester.xcdatamodel */;
			path = SortTester.xcdatamodeld;
			sourceTree = "<group>";
			versionGroupType = wrapper.xcdatamodel;
		};
/* End XCVersionGroup section */
	};
	rootObject = 5D3B34531B214DEA00D20637 /* Project object */;
}
